{
  "name": "maxwell-triangle",
  "version": "1.0.1",
  "lockfileVersion": 3,
  "requires": true,
  "packages": {
    "": {
      "name": "maxwell-triangle",
      "version": "1.0.1",
      "funding": [
        {
          "type": "individual",
          "url": "https://paypal.me/dmnsgn"
        },
        {
          "type": "individual",
          "url": "https://commerce.coinbase.com/checkout/56cbdf28-e323-48d8-9c98-7019e72c97f3"
        }
      ],
      "license": "MIT",
      "devDependencies": {
        "canvas-context": "^3.3.0",
        "debounce": "^2.1.0",
        "es-module-shims": "^1.10.0",
        "pex-color": "^2.1.0"
      },
      "engines": {
        "node": ">=22.0.0",
        "npm": ">=10.5.1",
        "snowdev": "2.0.0-alpha.30"
      }
    },
    "node_modules/canvas-context": {
      "version": "3.3.0",
      "resolved": "https://registry.npmjs.org/canvas-context/-/canvas-context-3.3.0.tgz",
      "integrity": "sha512-gmiAY/gcv3FtzX5DbdVg9hHPJC3IEm3+X6cHhoSn590WutbpwWVgMuHQpeEP/ldBkPdvZRSO89uFBb2Aba4FYg==",
      "dev": true,
      "funding": [
        {
          "type": "individual",
          "url": "https://paypal.me/dmnsgn"
        },
        {
          "type": "individual",
          "url": "https://commerce.coinbase.com/checkout/56cbdf28-e323-48d8-9c98-7019e72c97f3"
        }
      ],
      "license": "MIT",
      "engines": {
        "node": ">=22.0.0",
        "npm": ">=10.5.1",
        "snowdev": ">=2.2.x"
      }
    },
    "node_modules/debounce": {
      "version": "2.1.0",
      "resolved": "https://registry.npmjs.org/debounce/-/debounce-2.1.0.tgz",
      "integrity": "sha512-OkL3+0pPWCqoBc/nhO9u6TIQNTK44fnBnzuVtJAbp13Naxw9R6u21x+8tVTka87AhDZ3htqZ2pSSsZl9fqL2Wg==",
      "dev": true,
      "engines": {
        "node": ">=18"
      },
      "funding": {
        "url": "https://github.com/sponsors/sindresorhus"
      }
    },
    "node_modules/es-module-shims": {
      "version": "1.10.0",
      "resolved": "https://registry.npmjs.org/es-module-shims/-/es-module-shims-1.10.0.tgz",
      "integrity": "sha512-3PmuShQBd9d8pulTFx6L7HKgncnZ1oeSSbrEfnUasb3Tv974BAvyFtW1HLPJSkh5fCaU9JNZbBzPdbxSwg2zqA==",
      "dev": true
    },
    "node_modules/pex-color": {
      "version": "2.1.0",
      "resolved": "https://registry.npmjs.org/pex-color/-/pex-color-2.1.0.tgz",
      "integrity": "sha512-N/AyN1sHmXBI4Gss9+EIEBcJB4D0j3El5qrNDJANKsJYU1ZOfiCk38rQ9XSCOfZWboBDKqLd6arNvRrytKtgkw==",
      "dev": true,
      "engines": {
        "node": ">=20.0.0",
        "npm": ">=9.6.4"
      }
    }
  }
}
